
Microsoft Visual Studio Solution File, Format Version 12.00
# Visual Studio 14
VisualStudioVersion = 14.0.24720.0
MinimumVisualStudioVersion = 10.0.40219.1
Project("{8BC9CEB8-8B4A-11D0-8D11-00A0C91BC942}") = "1000 A+B Problem", "1000 A+B Problem\1000 A+B Problem.vcxproj", "{16699348-E001-471A-9E09-4869BC5E6914}"
EndProject
Project("{8BC9CEB8-8B4A-11D0-8D11-00A0C91BC942}") = "1407 [Noi2002]Savage", "1407 [Noi2002]Savage\1407 [Noi2002]Savage.vcxproj", "{99E3DD5E-7F45-406B-A154-55BB3D3D5141}"
EndProject
Project("{8BC9CEB8-8B4A-11D0-8D11-00A0C91BC942}") = "1507 [NOI2003]Editor", "1507 [NOI2003]Editor\1507 [NOI2003]Editor.vcxproj", "{F5D0BF5E-03C3-460E-A635-91883B31187B}"
EndProject
Project("{8BC9CEB8-8B4A-11D0-8D11-00A0C91BC942}") = "1758 [Wc2010]重建计划", "1758 [Wc2010]重建计划\1758 [Wc2010]重建计划.vcxproj", "{640CE15E-D86B-41FD-AE33-0D7E0EAF5AC4}"
EndProject
Project("{8BC9CEB8-8B4A-11D0-8D11-00A0C91BC942}") = "1951 [Sdoi2010]古代猪文", "1951 [Sdoi2010]古代猪文\1951 [Sdoi2010]古代猪文.vcxproj", "{E11A6CD9-7134-4A4D-B73A-B3D9D6834D93}"
EndProject
Project("{8BC9CEB8-8B4A-11D0-8D11-00A0C91BC942}") = "2242 [SDOI2011]计算器", "2242 [SDOI2011]计算器\2242 [SDOI2011]计算器.vcxproj", "{089433F3-C9AA-44A7-B948-D8660539F8DA}"
EndProject
Project("{8BC9CEB8-8B4A-11D0-8D11-00A0C91BC942}") = "3122 [Sdoi2013]随机数生成器", "3122 [Sdoi2013]随机数生成器\3122 [Sdoi2013]随机数生成器.vcxproj", "{6AA5E3B8-DA62-4710-9A44-8B571AB85279}"
EndProject
Project("{8BC9CEB8-8B4A-11D0-8D11-00A0C91BC942}") = "3224 Tyvj 1728 普通平衡树", "3224 Tyvj 1728 普通平衡树\3224 Tyvj 1728 普通平衡树.vcxproj", "{F9B3B70C-CA06-4798-9D89-CF6511610AFC}"
EndProject
Project("{8BC9CEB8-8B4A-11D0-8D11-00A0C91BC942}") = "3730 震波", "3730 震波\3730 震波.vcxproj", "{AE93808D-077A-441B-9357-4D0DF76438C4}"
EndProject
Project("{8BC9CEB8-8B4A-11D0-8D11-00A0C91BC942}") = "4016 [FJOI2014]最短路径树问题", "4016 [FJOI2014]最短路径树问题\4016 [FJOI2014]最短路径树问题.vcxproj", "{7F32EEAB-F829-4560-A8C2-442DC944AF62}"
EndProject
Project("{8BC9CEB8-8B4A-11D0-8D11-00A0C91BC942}") = "4128 Matrix", "4128 Matrix\4128 Matrix.vcxproj", "{9C670956-84F7-450D-922C-AF5E73848432}"
EndProject
Project("{8BC9CEB8-8B4A-11D0-8D11-00A0C91BC942}") = "3925 [Zjoi20150]地震后的幻想乡", "3925 [Zjoi20150]地震后的幻想乡\3925 [Zjoi20150]地震后的幻想乡.vcxproj", "{8F4E9425-151A-44DE-930A-F5694EA45EB6}"
EndProject
Project("{8BC9CEB8-8B4A-11D0-8D11-00A0C91BC942}") = "3924 [Zjoi2015]幻想乡战略游戏", "3924 [Zjoi2015]幻想乡战略游戏\3924 [Zjoi2015]幻想乡战略游戏.vcxproj", "{EFE9B103-6A8C-46A8-8D14-15F3A6822835}"
EndProject
Project("{8BC9CEB8-8B4A-11D0-8D11-00A0C91BC942}") = "2750 [HAOI2012]Road", "2750 [HAOI2012]Road\2750 [HAOI2012]Road.vcxproj", "{AA55F13A-3EEF-405E-B10F-973DE9815FB6}"
EndProject
Project("{8BC9CEB8-8B4A-11D0-8D11-00A0C91BC942}") = "3627 [JLOI2014]路径规划", "3627 [JLOI2014]路径规划\3627 [JLOI2014]路径规划.vcxproj", "{F1F4C0A7-CFE7-411B-A2FA-867D1C398BB7}"
EndProject
Global
	GlobalSection(SolutionConfigurationPlatforms) = preSolution
		Debug|x64 = Debug|x64
		Debug|x86 = Debug|x86
		Release|x64 = Release|x64
		Release|x86 = Release|x86
	EndGlobalSection
	GlobalSection(ProjectConfigurationPlatforms) = postSolution
		{16699348-E001-471A-9E09-4869BC5E6914}.Debug|x64.ActiveCfg = Debug|x64
		{16699348-E001-471A-9E09-4869BC5E6914}.Debug|x64.Build.0 = Debug|x64
		{16699348-E001-471A-9E09-4869BC5E6914}.Debug|x86.ActiveCfg = Debug|Win32
		{16699348-E001-471A-9E09-4869BC5E6914}.Debug|x86.Build.0 = Debug|Win32
		{16699348-E001-471A-9E09-4869BC5E6914}.Release|x64.ActiveCfg = Release|x64
		{16699348-E001-471A-9E09-4869BC5E6914}.Release|x64.Build.0 = Release|x64
		{16699348-E001-471A-9E09-4869BC5E6914}.Release|x86.ActiveCfg = Release|Win32
		{16699348-E001-471A-9E09-4869BC5E6914}.Release|x86.Build.0 = Release|Win32
		{99E3DD5E-7F45-406B-A154-55BB3D3D5141}.Debug|x64.ActiveCfg = Debug|x64
		{99E3DD5E-7F45-406B-A154-55BB3D3D5141}.Debug|x64.Build.0 = Debug|x64
		{99E3DD5E-7F45-406B-A154-55BB3D3D5141}.Debug|x86.ActiveCfg = Debug|Win32
		{99E3DD5E-7F45-406B-A154-55BB3D3D5141}.Debug|x86.Build.0 = Debug|Win32
		{99E3DD5E-7F45-406B-A154-55BB3D3D5141}.Release|x64.ActiveCfg = Release|x64
		{99E3DD5E-7F45-406B-A154-55BB3D3D5141}.Release|x64.Build.0 = Release|x64
		{99E3DD5E-7F45-406B-A154-55BB3D3D5141}.Release|x86.ActiveCfg = Release|Win32
		{99E3DD5E-7F45-406B-A154-55BB3D3D5141}.Release|x86.Build.0 = Release|Win32
		{F5D0BF5E-03C3-460E-A635-91883B31187B}.Debug|x64.ActiveCfg = Debug|x64
		{F5D0BF5E-03C3-460E-A635-91883B31187B}.Debug|x64.Build.0 = Debug|x64
		{F5D0BF5E-03C3-460E-A635-91883B31187B}.Debug|x86.ActiveCfg = Debug|Win32
		{F5D0BF5E-03C3-460E-A635-91883B31187B}.Debug|x86.Build.0 = Debug|Win32
		{F5D0BF5E-03C3-460E-A635-91883B31187B}.Release|x64.ActiveCfg = Release|x64
		{F5D0BF5E-03C3-460E-A635-91883B31187B}.Release|x64.Build.0 = Release|x64
		{F5D0BF5E-03C3-460E-A635-91883B31187B}.Release|x86.ActiveCfg = Release|Win32
		{F5D0BF5E-03C3-460E-A635-91883B31187B}.Release|x86.Build.0 = Release|Win32
		{640CE15E-D86B-41FD-AE33-0D7E0EAF5AC4}.Debug|x64.ActiveCfg = Debug|x64
		{640CE15E-D86B-41FD-AE33-0D7E0EAF5AC4}.Debug|x64.Build.0 = Debug|x64
		{640CE15E-D86B-41FD-AE33-0D7E0EAF5AC4}.Debug|x86.ActiveCfg = Debug|Win32
		{640CE15E-D86B-41FD-AE33-0D7E0EAF5AC4}.Debug|x86.Build.0 = Debug|Win32
		{640CE15E-D86B-41FD-AE33-0D7E0EAF5AC4}.Release|x64.ActiveCfg = Release|x64
		{640CE15E-D86B-41FD-AE33-0D7E0EAF5AC4}.Release|x64.Build.0 = Release|x64
		{640CE15E-D86B-41FD-AE33-0D7E0EAF5AC4}.Release|x86.ActiveCfg = Release|Win32
		{640CE15E-D86B-41FD-AE33-0D7E0EAF5AC4}.Release|x86.Build.0 = Release|Win32
		{E11A6CD9-7134-4A4D-B73A-B3D9D6834D93}.Debug|x64.ActiveCfg = Debug|x64
		{E11A6CD9-7134-4A4D-B73A-B3D9D6834D93}.Debug|x64.Build.0 = Debug|x64
		{E11A6CD9-7134-4A4D-B73A-B3D9D6834D93}.Debug|x86.ActiveCfg = Debug|Win32
		{E11A6CD9-7134-4A4D-B73A-B3D9D6834D93}.Debug|x86.Build.0 = Debug|Win32
		{E11A6CD9-7134-4A4D-B73A-B3D9D6834D93}.Release|x64.ActiveCfg = Release|x64
		{E11A6CD9-7134-4A4D-B73A-B3D9D6834D93}.Release|x64.Build.0 = Release|x64
		{E11A6CD9-7134-4A4D-B73A-B3D9D6834D93}.Release|x86.ActiveCfg = Release|Win32
		{E11A6CD9-7134-4A4D-B73A-B3D9D6834D93}.Release|x86.Build.0 = Release|Win32
		{089433F3-C9AA-44A7-B948-D8660539F8DA}.Debug|x64.ActiveCfg = Debug|x64
		{089433F3-C9AA-44A7-B948-D8660539F8DA}.Debug|x64.Build.0 = Debug|x64
		{089433F3-C9AA-44A7-B948-D8660539F8DA}.Debug|x86.ActiveCfg = Debug|Win32
		{089433F3-C9AA-44A7-B948-D8660539F8DA}.Debug|x86.Build.0 = Debug|Win32
		{089433F3-C9AA-44A7-B948-D8660539F8DA}.Release|x64.ActiveCfg = Release|x64
		{089433F3-C9AA-44A7-B948-D8660539F8DA}.Release|x64.Build.0 = Release|x64
		{089433F3-C9AA-44A7-B948-D8660539F8DA}.Release|x86.ActiveCfg = Release|Win32
		{089433F3-C9AA-44A7-B948-D8660539F8DA}.Release|x86.Build.0 = Release|Win32
		{6AA5E3B8-DA62-4710-9A44-8B571AB85279}.Debug|x64.ActiveCfg = Debug|x64
		{6AA5E3B8-DA62-4710-9A44-8B571AB85279}.Debug|x64.Build.0 = Debug|x64
		{6AA5E3B8-DA62-4710-9A44-8B571AB85279}.Debug|x86.ActiveCfg = Debug|Win32
		{6AA5E3B8-DA62-4710-9A44-8B571AB85279}.Debug|x86.Build.0 = Debug|Win32
		{6AA5E3B8-DA62-4710-9A44-8B571AB85279}.Release|x64.ActiveCfg = Release|x64
		{6AA5E3B8-DA62-4710-9A44-8B571AB85279}.Release|x64.Build.0 = Release|x64
		{6AA5E3B8-DA62-4710-9A44-8B571AB85279}.Release|x86.ActiveCfg = Release|Win32
		{6AA5E3B8-DA62-4710-9A44-8B571AB85279}.Release|x86.Build.0 = Release|Win32
		{F9B3B70C-CA06-4798-9D89-CF6511610AFC}.Debug|x64.ActiveCfg = Debug|x64
		{F9B3B70C-CA06-4798-9D89-CF6511610AFC}.Debug|x64.Build.0 = Debug|x64
		{F9B3B70C-CA06-4798-9D89-CF6511610AFC}.Debug|x86.ActiveCfg = Debug|Win32
		{F9B3B70C-CA06-4798-9D89-CF6511610AFC}.Debug|x86.Build.0 = Debug|Win32
		{F9B3B70C-CA06-4798-9D89-CF6511610AFC}.Release|x64.ActiveCfg = Release|x64
		{F9B3B70C-CA06-4798-9D89-CF6511610AFC}.Release|x64.Build.0 = Release|x64
		{F9B3B70C-CA06-4798-9D89-CF6511610AFC}.Release|x86.ActiveCfg = Release|Win32
		{F9B3B70C-CA06-4798-9D89-CF6511610AFC}.Release|x86.Build.0 = Release|Win32
		{AE93808D-077A-441B-9357-4D0DF76438C4}.Debug|x64.ActiveCfg = Debug|x64
		{AE93808D-077A-441B-9357-4D0DF76438C4}.Debug|x64.Build.0 = Debug|x64
		{AE93808D-077A-441B-9357-4D0DF76438C4}.Debug|x86.ActiveCfg = Debug|Win32
		{AE93808D-077A-441B-9357-4D0DF76438C4}.Debug|x86.Build.0 = Debug|Win32
		{AE93808D-077A-441B-9357-4D0DF76438C4}.Release|x64.ActiveCfg = Release|x64
		{AE93808D-077A-441B-9357-4D0DF76438C4}.Release|x64.Build.0 = Release|x64
		{AE93808D-077A-441B-9357-4D0DF76438C4}.Release|x86.ActiveCfg = Release|Win32
		{AE93808D-077A-441B-9357-4D0DF76438C4}.Release|x86.Build.0 = Release|Win32
		{7F32EEAB-F829-4560-A8C2-442DC944AF62}.Debug|x64.ActiveCfg = Debug|x64
		{7F32EEAB-F829-4560-A8C2-442DC944AF62}.Debug|x64.Build.0 = Debug|x64
		{7F32EEAB-F829-4560-A8C2-442DC944AF62}.Debug|x86.ActiveCfg = Debug|Win32
		{7F32EEAB-F829-4560-A8C2-442DC944AF62}.Debug|x86.Build.0 = Debug|Win32
		{7F32EEAB-F829-4560-A8C2-442DC944AF62}.Release|x64.ActiveCfg = Release|x64
		{7F32EEAB-F829-4560-A8C2-442DC944AF62}.Release|x64.Build.0 = Release|x64
		{7F32EEAB-F829-4560-A8C2-442DC944AF62}.Release|x86.ActiveCfg = Release|Win32
		{7F32EEAB-F829-4560-A8C2-442DC944AF62}.Release|x86.Build.0 = Release|Win32
		{9C670956-84F7-450D-922C-AF5E73848432}.Debug|x64.ActiveCfg = Debug|x64
		{9C670956-84F7-450D-922C-AF5E73848432}.Debug|x64.Build.0 = Debug|x64
		{9C670956-84F7-450D-922C-AF5E73848432}.Debug|x86.ActiveCfg = Debug|Win32
		{9C670956-84F7-450D-922C-AF5E73848432}.Debug|x86.Build.0 = Debug|Win32
		{9C670956-84F7-450D-922C-AF5E73848432}.Release|x64.ActiveCfg = Release|x64
		{9C670956-84F7-450D-922C-AF5E73848432}.Release|x64.Build.0 = Release|x64
		{9C670956-84F7-450D-922C-AF5E73848432}.Release|x86.ActiveCfg = Release|Win32
		{9C670956-84F7-450D-922C-AF5E73848432}.Release|x86.Build.0 = Release|Win32
		{8F4E9425-151A-44DE-930A-F5694EA45EB6}.Debug|x64.ActiveCfg = Debug|x64
		{8F4E9425-151A-44DE-930A-F5694EA45EB6}.Debug|x64.Build.0 = Debug|x64
		{8F4E9425-151A-44DE-930A-F5694EA45EB6}.Debug|x86.ActiveCfg = Debug|Win32
		{8F4E9425-151A-44DE-930A-F5694EA45EB6}.Debug|x86.Build.0 = Debug|Win32
		{8F4E9425-151A-44DE-930A-F5694EA45EB6}.Release|x64.ActiveCfg = Release|x64
		{8F4E9425-151A-44DE-930A-F5694EA45EB6}.Release|x64.Build.0 = Release|x64
		{8F4E9425-151A-44DE-930A-F5694EA45EB6}.Release|x86.ActiveCfg = Release|Win32
		{8F4E9425-151A-44DE-930A-F5694EA45EB6}.Release|x86.Build.0 = Release|Win32
		{EFE9B103-6A8C-46A8-8D14-15F3A6822835}.Debug|x64.ActiveCfg = Debug|x64
		{EFE9B103-6A8C-46A8-8D14-15F3A6822835}.Debug|x64.Build.0 = Debug|x64
		{EFE9B103-6A8C-46A8-8D14-15F3A6822835}.Debug|x86.ActiveCfg = Debug|Win32
		{EFE9B103-6A8C-46A8-8D14-15F3A6822835}.Debug|x86.Build.0 = Debug|Win32
		{EFE9B103-6A8C-46A8-8D14-15F3A6822835}.Release|x64.ActiveCfg = Release|x64
		{EFE9B103-6A8C-46A8-8D14-15F3A6822835}.Release|x64.Build.0 = Release|x64
		{EFE9B103-6A8C-46A8-8D14-15F3A6822835}.Release|x86.ActiveCfg = Release|Win32
		{EFE9B103-6A8C-46A8-8D14-15F3A6822835}.Release|x86.Build.0 = Release|Win32
		{AA55F13A-3EEF-405E-B10F-973DE9815FB6}.Debug|x64.ActiveCfg = Debug|x64
		{AA55F13A-3EEF-405E-B10F-973DE9815FB6}.Debug|x64.Build.0 = Debug|x64
		{AA55F13A-3EEF-405E-B10F-973DE9815FB6}.Debug|x86.ActiveCfg = Debug|Win32
		{AA55F13A-3EEF-405E-B10F-973DE9815FB6}.Debug|x86.Build.0 = Debug|Win32
		{AA55F13A-3EEF-405E-B10F-973DE9815FB6}.Release|x64.ActiveCfg = Release|x64
		{AA55F13A-3EEF-405E-B10F-973DE9815FB6}.Release|x64.Build.0 = Release|x64
		{AA55F13A-3EEF-405E-B10F-973DE9815FB6}.Release|x86.ActiveCfg = Release|Win32
		{AA55F13A-3EEF-405E-B10F-973DE9815FB6}.Release|x86.Build.0 = Release|Win32
		{F1F4C0A7-CFE7-411B-A2FA-867D1C398BB7}.Debug|x64.ActiveCfg = Debug|x64
		{F1F4C0A7-CFE7-411B-A2FA-867D1C398BB7}.Debug|x64.Build.0 = Debug|x64
		{F1F4C0A7-CFE7-411B-A2FA-867D1C398BB7}.Debug|x86.ActiveCfg = Debug|Win32
		{F1F4C0A7-CFE7-411B-A2FA-867D1C398BB7}.Debug|x86.Build.0 = Debug|Win32
		{F1F4C0A7-CFE7-411B-A2FA-867D1C398BB7}.Release|x64.ActiveCfg = Release|x64
		{F1F4C0A7-CFE7-411B-A2FA-867D1C398BB7}.Release|x64.Build.0 = Release|x64
		{F1F4C0A7-CFE7-411B-A2FA-867D1C398BB7}.Release|x86.ActiveCfg = Release|Win32
		{F1F4C0A7-CFE7-411B-A2FA-867D1C398BB7}.Release|x86.Build.0 = Release|Win32
	EndGlobalSection
	GlobalSection(SolutionProperties) = preSolution
		HideSolutionNode = FALSE
	EndGlobalSection
EndGlobal
